
Microsoft Visual Studio Solution File, Format Version 12.00
# Visual Studio 15
VisualStudioVersion = 15.0.28307.136
MinimumVisualStudioVersion = 10.0.40219.1
Project("{FAE04EC0-301F-11D3-BF4B-00C04F79EFBC}") = "ConsoleApp", "ConsoleApp\ConsoleApp.csproj", "{C73BE4B2-7250-483B-978E-02B1293914A1}"
EndProject
Project("{FAE04EC0-301F-11D3-BF4B-00C04F79EFBC}") = "ADO.NET", "ADO.NET\ADO.NET.csproj", "{10AA810B-6222-4208-AF40-13BD01844524}"
EndProject
Project("{FAE04EC0-301F-11D3-BF4B-00C04F79EFBC}") = "Common", "Common\Common.csproj", "{F4E8366D-ABCC-48F3-861A-BF82ADD078CA}"
EndProject
Project("{FAE04EC0-301F-11D3-BF4B-00C04F79EFBC}") = "Utility", "Utility\Utility.csproj", "{49FA407B-C7C5-4C9E-82A3-679B3F035482}"
EndProject
Project("{FAE04EC0-301F-11D3-BF4B-00C04F79EFBC}") = "WebApp", "WebApp\WebApp.csproj", "{F845301A-55DC-4B55-B374-7F1B273A2496}"
EndProject
Global
	GlobalSection(SolutionConfigurationPlatforms) = preSolution
		Debug|Any CPU = Debug|Any CPU
		Release|Any CPU = Release|Any CPU
	EndGlobalSection
	GlobalSection(ProjectConfigurationPlatforms) = postSolution
		{C73BE4B2-7250-483B-978E-02B1293914A1}.Debug|Any CPU.ActiveCfg = Debug|Any CPU
		{C73BE4B2-7250-483B-978E-02B1293914A1}.Debug|Any CPU.Build.0 = Debug|Any CPU
		{C73BE4B2-7250-483B-978E-02B1293914A1}.Release|Any CPU.ActiveCfg = Release|Any CPU
		{C73BE4B2-7250-483B-978E-02B1293914A1}.Release|Any CPU.Build.0 = Release|Any CPU
		{10AA810B-6222-4208-AF40-13BD01844524}.Debug|Any CPU.ActiveCfg = Debug|Any CPU
		{10AA810B-6222-4208-AF40-13BD01844524}.Debug|Any CPU.Build.0 = Debug|Any CPU
		{10AA810B-6222-4208-AF40-13BD01844524}.Release|Any CPU.ActiveCfg = Release|Any CPU
		{10AA810B-6222-4208-AF40-13BD01844524}.Release|Any CPU.Build.0 = Release|Any CPU
		{F4E8366D-ABCC-48F3-861A-BF82ADD078CA}.Debug|Any CPU.ActiveCfg = Debug|Any CPU
		{F4E8366D-ABCC-48F3-861A-BF82ADD078CA}.Debug|Any CPU.Build.0 = Debug|Any CPU
		{F4E8366D-ABCC-48F3-861A-BF82ADD078CA}.Release|Any CPU.ActiveCfg = Release|Any CPU
		{F4E8366D-ABCC-48F3-861A-BF82ADD078CA}.Release|Any CPU.Build.0 = Release|Any CPU
		{49FA407B-C7C5-4C9E-82A3-679B3F035482}.Debug|Any CPU.ActiveCfg = Debug|Any CPU
		{49FA407B-C7C5-4C9E-82A3-679B3F035482}.Debug|Any CPU.Build.0 = Debug|Any CPU
		{49FA407B-C7C5-4C9E-82A3-679B3F035482}.Release|Any CPU.ActiveCfg = Release|Any CPU
		{49FA407B-C7C5-4C9E-82A3-679B3F035482}.Release|Any CPU.Build.0 = Release|Any CPU
		{F845301A-55DC-4B55-B374-7F1B273A2496}.Debug|Any CPU.ActiveCfg = Debug|Any CPU
		{F845301A-55DC-4B55-B374-7F1B273A2496}.Debug|Any CPU.Build.0 = Debug|Any CPU
		{F845301A-55DC-4B55-B374-7F1B273A2496}.Release|Any CPU.ActiveCfg = Release|Any CPU
		{F845301A-55DC-4B55-B374-7F1B273A2496}.Release|Any CPU.Build.0 = Release|Any CPU
	EndGlobalSection
	GlobalSection(SolutionProperties) = preSolution
		HideSolutionNode = FALSE
	EndGlobalSection
	GlobalSection(ExtensibilityGlobals) = postSolution
		SolutionGuid = {5BB50063-204C-46CE-9FD7-B3571FAD5465}
	EndGlobalSection
EndGlobal
